
Microsoft Visual Studio Solution File, Format Version 12.00
# Visual Studio Version 17
VisualStudioVersion = 17.11.35312.102
MinimumVisualStudioVersion = 10.0.40219.1
Project("{FAE04EC0-301F-11D3-BF4B-00C04F79EFBC}") = "GenericSortedList.Logic", "GenericSortedList.Logic\GenericSortedList.Logic.csproj", "{D11307AF-46CE-47EC-958D-80CCF681EBA2}"
EndProject
Project("{FAE04EC0-301F-11D3-BF4B-00C04F79EFBC}") = "GenericSortedList.UnitTest", "GenericSortedList.UnitTest\GenericSortedList.UnitTest.csproj", "{65555492-8AD2-4F6B-923B-D933D3CF33F7}"
EndProject
Global
	GlobalSection(SolutionConfigurationPlatforms) = preSolution
		Debug|Any CPU = Debug|Any CPU
		Release|Any CPU = Release|Any CPU
	EndGlobalSection
	GlobalSection(ProjectConfigurationPlatforms) = postSolution
		{D11307AF-46CE-47EC-958D-80CCF681EBA2}.Debug|Any CPU.ActiveCfg = Debug|Any CPU
		{D11307AF-46CE-47EC-958D-80CCF681EBA2}.Debug|Any CPU.Build.0 = Debug|Any CPU
		{D11307AF-46CE-47EC-958D-80CCF681EBA2}.Release|Any CPU.ActiveCfg = Release|Any CPU
		{D11307AF-46CE-47EC-958D-80CCF681EBA2}.Release|Any CPU.Build.0 = Release|Any CPU
		{65555492-8AD2-4F6B-923B-D933D3CF33F7}.Debug|Any CPU.ActiveCfg = Debug|Any CPU
		{65555492-8AD2-4F6B-923B-D933D3CF33F7}.Debug|Any CPU.Build.0 = Debug|Any CPU
		{65555492-8AD2-4F6B-923B-D933D3CF33F7}.Release|Any CPU.ActiveCfg = Release|Any CPU
		{65555492-8AD2-4F6B-923B-D933D3CF33F7}.Release|Any CPU.Build.0 = Release|Any CPU
	EndGlobalSection
	GlobalSection(SolutionProperties) = preSolution
		HideSolutionNode = FALSE
	EndGlobalSection
	GlobalSection(ExtensibilityGlobals) = postSolution
		SolutionGuid = {060B76C0-D19E-4299-B22D-0799F41F67F8}
	EndGlobalSection
EndGlobal
